
Microsoft Visual Studio Solution File, Format Version 12.00
# Visual Studio 15
VisualStudioVersion = 15.0.27428.2002
MinimumVisualStudioVersion = 10.0.40219.1
Project("{FAE04EC0-301F-11D3-BF4B-00C04F79EFBC}") = "SahraShoesPrism", "SahraShoesPrism\SahraShoesPrism.csproj", "{37B5EE23-0EDB-4678-999D-51F5CFE30FC4}"
EndProject
Project("{FAE04EC0-301F-11D3-BF4B-00C04F79EFBC}") = "TestModule", "TestModule\TestModule.csproj", "{5F55F8BD-4E1D-4051-B28B-DE38E3B06CB0}"
EndProject
Project("{FAE04EC0-301F-11D3-BF4B-00C04F79EFBC}") = "SharedService", "SharedService\SharedService.csproj", "{E631FCA2-B793-4766-9856-0438DB443A57}"
EndProject
Global
	GlobalSection(SolutionConfigurationPlatforms) = preSolution
		Debug|Any CPU = Debug|Any CPU
		Release|Any CPU = Release|Any CPU
	EndGlobalSection
	GlobalSection(ProjectConfigurationPlatforms) = postSolution
		{37B5EE23-0EDB-4678-999D-51F5CFE30FC4}.Debug|Any CPU.ActiveCfg = Debug|Any CPU
		{37B5EE23-0EDB-4678-999D-51F5CFE30FC4}.Debug|Any CPU.Build.0 = Debug|Any CPU
		{37B5EE23-0EDB-4678-999D-51F5CFE30FC4}.Release|Any CPU.ActiveCfg = Release|Any CPU
		{37B5EE23-0EDB-4678-999D-51F5CFE30FC4}.Release|Any CPU.Build.0 = Release|Any CPU
		{5F55F8BD-4E1D-4051-B28B-DE38E3B06CB0}.Debug|Any CPU.ActiveCfg = Debug|Any CPU
		{5F55F8BD-4E1D-4051-B28B-DE38E3B06CB0}.Debug|Any CPU.Build.0 = Debug|Any CPU
		{5F55F8BD-4E1D-4051-B28B-DE38E3B06CB0}.Release|Any CPU.ActiveCfg = Release|Any CPU
		{5F55F8BD-4E1D-4051-B28B-DE38E3B06CB0}.Release|Any CPU.Build.0 = Release|Any CPU
		{E631FCA2-B793-4766-9856-0438DB443A57}.Debug|Any CPU.ActiveCfg = Debug|Any CPU
		{E631FCA2-B793-4766-9856-0438DB443A57}.Debug|Any CPU.Build.0 = Debug|Any CPU
		{E631FCA2-B793-4766-9856-0438DB443A57}.Release|Any CPU.ActiveCfg = Release|Any CPU
		{E631FCA2-B793-4766-9856-0438DB443A57}.Release|Any CPU.Build.0 = Release|Any CPU
	EndGlobalSection
	GlobalSection(SolutionProperties) = preSolution
		HideSolutionNode = FALSE
	EndGlobalSection
	GlobalSection(ExtensibilityGlobals) = postSolution
		SolutionGuid = {989B17E9-9268-437C-9A8C-E939BA339BFB}
	EndGlobalSection
EndGlobal
